<?xml version="1.0" encoding="utf-8"?>
<Project ToolsVersion="4.0" xmlns="http://schemas.microsoft.com/developer/msbuild/2003">
  <ItemGroup>
    <Filter Include="ソース ファイル">
      <UniqueIdentifier>{4FC737F1-C7A5-4376-A066-2A32D752A2FF}</UniqueIdentifier>
      <Extensions>cpp;c;cc;cxx;def;odl;idl;hpj;bat;asm;asmx</Extensions>
    </Filter>
    <Filter Include="ヘッダー ファイル">
      <UniqueIdentifier>{93995380-89BD-4b04-88EB-625FBE52EBFB}</UniqueIdentifier>
      <Extensions>h;hh;hpp;hxx;hm;inl;inc;ipp;xsd</Extensions>
    </Filter>
    <Filter Include="リソース ファイル">
      <UniqueIdentifier>{67DA6AB6-F800-4c08-8B7A-83BB121AAD01}</UniqueIdentifier>
      <Extensions>rc;ico;cur;bmp;dlg;rc2;rct;bin;rgs;gif;jpg;jpeg;jpe;resx;tiff;tif;png;wav;mfcribbon-ms</Extensions>
    </Filter>
    <Filter Include="ソース ファイル\system">
      <UniqueIdentifier>{ddcf4a15-ff95-4574-9cbe-16703e4da66a}</UniqueIdentifier>
    </Filter>
    <Filter Include="ソース ファイル\Game">
      <UniqueIdentifier>{4f02ef56-76b5-40a8-b26d-51beffdd2ba1}</UniqueIdentifier>
    </Filter>
    <Filter Include="ソース ファイル\shader">
      <UniqueIdentifier>{0d5ee9b1-fed9-4a6b-81af-2bee2050074e}</UniqueIdentifier>
    </Filter>
    <Filter Include="ヘッダー ファイル\Game">
      <UniqueIdentifier>{c3f87136-be64-4e66-b5b4-893e525692e4}</UniqueIdentifier>
    </Filter>
    <Filter Include="ヘッダー ファイル\system">
      <UniqueIdentifier>{65759af3-5942-4014-aac1-2f901e8d9543}</UniqueIdentifier>
    </Filter>
    <Filter Include="ソース ファイル\Game\Player">
      <UniqueIdentifier>{5e5ac96a-0478-46b0-94c5-5522fe05f983}</UniqueIdentifier>
    </Filter>
    <Filter Include="ソース ファイル\Game\Missile">
      <UniqueIdentifier>{4657ce26-7b89-4706-9ab9-62cdf74b7053}</UniqueIdentifier>
    </Filter>
    <Filter Include="ソース ファイル\Game\Camera">
      <UniqueIdentifier>{c6bac22b-ac78-4f63-85d7-6b8cea5eb502}</UniqueIdentifier>
    </Filter>
    <Filter Include="ImGui">
      <UniqueIdentifier>{b632fc39-a6ce-442a-96b8-d9c13ce876a4}</UniqueIdentifier>
    </Filter>
    <Filter Include="ソース ファイル\Scene">
      <UniqueIdentifier>{a7365af3-6456-49ea-8b75-fa2902e6c321}</UniqueIdentifier>
    </Filter>
    <Filter Include="ソース ファイル\99_share">
      <UniqueIdentifier>{4c37dc07-85ae-472f-b68e-c95af41d9e55}</UniqueIdentifier>
    </Filter>
    <Filter Include="ヘッダー ファイル\99_share">
      <UniqueIdentifier>{94a103a6-eb47-40cc-bff9-f178e1acedf9}</UniqueIdentifier>
    </Filter>
    <Filter Include="ヘッダー ファイル\Game\player">
      <UniqueIdentifier>{7f719544-73dd-458e-9a2c-a843cb3d395a}</UniqueIdentifier>
    </Filter>
    <Filter Include="ヘッダー ファイル\scene">
      <UniqueIdentifier>{48d2213b-3b69-4fe9-ac94-45c2da563892}</UniqueIdentifier>
    </Filter>
    <Filter Include="ソース ファイル\Title">
      <UniqueIdentifier>{399c7522-e1e3-4f3e-b608-e316d1981999}</UniqueIdentifier>
    </Filter>
    <Filter Include="ソース ファイル\Game\Tower">
      <UniqueIdentifier>{523d9808-3773-49a6-8507-05e1a7537555}</UniqueIdentifier>
    </Filter>
    <Filter Include="ソース ファイル\Game\Core">
      <UniqueIdentifier>{fccfdeee-b6f1-46c4-859c-344faf42bf0c}</UniqueIdentifier>
    </Filter>
    <Filter Include="ヘッダー ファイル\Game\Core">
      <UniqueIdentifier>{8a2456c8-cc16-4ea8-bd95-a60adc51aaf5}</UniqueIdentifier>
    </Filter>
    <Filter Include="ヘッダー ファイル\Game\Core\Missile">
      <UniqueIdentifier>{ad1c4574-b1a8-48ac-b279-429090d66c11}</UniqueIdentifier>
    </Filter>
    <Filter Include="ヘッダー ファイル\Game\Tower">
      <UniqueIdentifier>{f6662843-c5d5-4dc7-b201-84dd367dd2de}</UniqueIdentifier>
    </Filter>
    <Filter Include="ヘッダー ファイル\Game\Missile">
      <UniqueIdentifier>{a716d393-3ac1-4dcf-8f36-95ca4854e2f9}</UniqueIdentifier>
    </Filter>
    <Filter Include="ソース ファイル\Game\Enemy">
      <UniqueIdentifier>{1aace4fb-c52e-4d2d-ab16-161f812d760a}</UniqueIdentifier>
    </Filter>
    <Filter Include="ヘッダー ファイル\Game\Enemy">
      <UniqueIdentifier>{27cf1ed3-6296-437c-96bc-7f1d52627b7e}</UniqueIdentifier>
    </Filter>
    <Filter Include="ヘッダー ファイル\Game\Camera">
      <UniqueIdentifier>{9a9446a2-3f3c-4016-a9a0-9f60cc327e5d}</UniqueIdentifier>
    </Filter>
    <Filter Include="ソース ファイル\99_share\Data">
      <UniqueIdentifier>{58882a8b-61a3-47dc-b653-c908593b52ce}</UniqueIdentifier>
    </Filter>
    <Filter Include="ソース ファイル\Game\Weapon">
      <UniqueIdentifier>{6526827e-066c-4c69-8b58-2452828318ba}</UniqueIdentifier>
    </Filter>
    <Filter Include="ソース ファイル\ShaderInfo">
      <UniqueIdentifier>{8db48562-2bdf-49a3-b27f-baa868a73e69}</UniqueIdentifier>
    </Filter>
    <Filter Include="ヘッダー ファイル\Title">
      <UniqueIdentifier>{79805cea-be21-4e3d-8c93-8a6f87d0d568}</UniqueIdentifier>
    </Filter>
    <Filter Include="ソース ファイル\99_share\Number">
      <UniqueIdentifier>{6fffa34f-761e-4d48-baed-36085df5529f}</UniqueIdentifier>
    </Filter>
    <Filter Include="ヘッダー ファイル\99_share\Number">
      <UniqueIdentifier>{0a80e84e-9546-48e1-b514-e97282729b06}</UniqueIdentifier>
    </Filter>
    <Filter Include="ヘッダー ファイル\ShaderInfo">
      <UniqueIdentifier>{10b3482c-40f9-468a-8384-2945816f7140}</UniqueIdentifier>
    </Filter>
    <Filter Include="ソース ファイル\Game\Gauge">
      <UniqueIdentifier>{48ef538a-41cd-4ae4-8b06-8ecb6888f92c}</UniqueIdentifier>
    </Filter>
    <Filter Include="ヘッダー ファイル\Game\Gauge">
      <UniqueIdentifier>{5941bf1f-94ce-4d02-9c9e-d8da1b4c9c48}</UniqueIdentifier>
    </Filter>
  </ItemGroup>
  <ItemGroup>
    <ClCompile Include="main.cpp">
      <Filter>ソース ファイル</Filter>
    </ClCompile>
    <ClCompile Include="Box.cpp">
      <Filter>ソース ファイル\Game</Filter>
    </ClCompile>
    <ClCompile Include="FbxModel.cpp">
      <Filter>ソース ファイル\system</Filter>
    </ClCompile>
    <ClCompile Include="input.cpp">
      <Filter>ソース ファイル\system</Filter>
    </ClCompile>
    <ClCompile Include="Shader.cpp">
      <Filter>ソース ファイル\system</Filter>
    </ClCompile>
    <ClCompile Include="Texture.cpp">
      <Filter>ソース ファイル\system</Filter>
    </ClCompile>
    <ClCompile Include="CSky.cpp">
      <Filter>ソース ファイル\Game</Filter>
    </ClCompile>
    <ClCompile Include="CPlayer.cpp">
      <Filter>ソース ファイル\Game\Player</Filter>
    </ClCompile>
    <ClCompile Include="Missile.cpp">
      <Filter>ソース ファイル\Game\Missile</Filter>
    </ClCompile>
    <ClCompile Include="CFPCamera.cpp">
      <Filter>ソース ファイル\Game\Camera</Filter>
    </ClCompile>
    <ClCompile Include="CCamera.cpp">
      <Filter>ソース ファイル\Game\Camera</Filter>
    </ClCompile>
    <ClCompile Include="BulletTime.cpp">
      <Filter>ソース ファイル\Game\Camera</Filter>
    </ClCompile>
    <ClCompile Include="CTPCamera.cpp">
      <Filter>ソース ファイル\Game\Camera</Filter>
    </ClCompile>
    <ClCompile Include="ImGui\imgui_impl_win32.cpp">
      <Filter>ImGui</Filter>
    </ClCompile>
    <ClCompile Include="ImGui\imgui_widgets.cpp">
      <Filter>ImGui</Filter>
    </ClCompile>
    <ClCompile Include="ImGui\imgui.cpp">
      <Filter>ImGui</Filter>
    </ClCompile>
    <ClCompile Include="ImGui\imgui_demo.cpp">
      <Filter>ImGui</Filter>
    </ClCompile>
    <ClCompile Include="ImGui\imgui_draw.cpp">
      <Filter>ImGui</Filter>
    </ClCompile>
    <ClCompile Include="ImGui\imgui_impl_dx11.cpp">
      <Filter>ImGui</Filter>
    </ClCompile>
    <ClCompile Include="Scene.cpp">
      <Filter>ソース ファイル\Scene</Filter>
    </ClCompile>
    <ClCompile Include="GameObject.cpp">
      <Filter>ソース ファイル\99_share</Filter>
    </ClCompile>
    <ClCompile Include="Object.cpp">
      <Filter>ソース ファイル\99_share</Filter>
    </ClCompile>
    <ClCompile Include="Object3D.cpp">
      <Filter>ソース ファイル\99_share</Filter>
    </ClCompile>
    <ClCompile Include="Transform.cpp">
      <Filter>ソース ファイル\99_share</Filter>
    </ClCompile>
    <ClCompile Include="GameWnd.cpp">
      <Filter>ソース ファイル\system</Filter>
    </ClCompile>
    <ClCompile Include="Graphics.cpp">
      <Filter>ソース ファイル\system</Filter>
    </ClCompile>
    <ClCompile Include="MyMath.cpp">
      <Filter>ソース ファイル\system</Filter>
    </ClCompile>
    <ClCompile Include="Window.cpp">
      <Filter>ソース ファイル\system</Filter>
    </ClCompile>
    <ClCompile Include="PlayerMissile.cpp">
      <Filter>ソース ファイル\Game\Player</Filter>
    </ClCompile>
    <ClCompile Include="PlayerMove.cpp">
      <Filter>ソース ファイル\Game\Player</Filter>
    </ClCompile>
    <ClCompile Include="SceneManager.cpp">
      <Filter>ソース ファイル\Scene</Filter>
    </ClCompile>
    <ClCompile Include="SceneGame.cpp">
      <Filter>ソース ファイル\Scene</Filter>
    </ClCompile>
    <ClCompile Include="Mesh.cpp">
      <Filter>ソース ファイル\99_share</Filter>
    </ClCompile>
    <ClCompile Include="Field.cpp">
      <Filter>ソース ファイル\99_share</Filter>
    </ClCompile>
    <ClCompile Include="collision.cpp">
      <Filter>ソース ファイル\99_share</Filter>
    </ClCompile>
    <ClCompile Include="Billboard.cpp">
      <Filter>ソース ファイル\99_share</Filter>
    </ClCompile>
    <ClCompile Include="Light.cpp">
      <Filter>ソース ファイル\99_share</Filter>
    </ClCompile>
    <ClCompile Include="UIMesh.cpp">
      <Filter>ソース ファイル\99_share</Filter>
    </ClCompile>
    <ClCompile Include="SceneTitle.cpp">
      <Filter>ソース ファイル\Scene</Filter>
    </ClCompile>
    <ClCompile Include="TitleUI.cpp">
      <Filter>ソース ファイル\Title</Filter>
    </ClCompile>
    <ClCompile Include="Fade.cpp">
      <Filter>ソース ファイル\99_share</Filter>
    </ClCompile>
    <ClCompile Include="FieldMesh.cpp">
      <Filter>ソース ファイル\Game</Filter>
    </ClCompile>
    <ClCompile Include="Tower.cpp">
      <Filter>ソース ファイル\Game\Tower</Filter>
    </ClCompile>
    <ClCompile Include="TowerEnergy.cpp">
      <Filter>ソース ファイル\Game\Tower</Filter>
    </ClCompile>
    <ClCompile Include="PlayerCollision.cpp">
      <Filter>ソース ファイル\Game\Player</Filter>
    </ClCompile>
    <ClCompile Include="Core.cpp">
      <Filter>ソース ファイル\Game\Core</Filter>
    </ClCompile>
    <ClCompile Include="CoreCollision.cpp">
      <Filter>ソース ファイル\Game\Core</Filter>
    </ClCompile>
    <ClCompile Include="CorePlayer.cpp">
      <Filter>ソース ファイル\Game\Core</Filter>
    </ClCompile>
    <ClCompile Include="TowerManager.cpp">
      <Filter>ソース ファイル\Game\Tower</Filter>
    </ClCompile>
    <ClCompile Include="CoreEnemy.cpp">
      <Filter>ソース ファイル\Game\Core</Filter>
    </ClCompile>
    <ClCompile Include="CoreState.cpp">
      <Filter>ソース ファイル\Game\Core</Filter>
    </ClCompile>
    <ClCompile Include="MissileMove.cpp">
      <Filter>ソース ファイル\Game\Missile</Filter>
    </ClCompile>
    <ClCompile Include="SceneResult.cpp">
      <Filter>ソース ファイル\Scene</Filter>
    </ClCompile>
    <ClCompile Include="EnemyCtrl.cpp">
      <Filter>ソース ファイル\Game\Enemy</Filter>
    </ClCompile>
    <ClCompile Include="Enemy.cpp">
      <Filter>ソース ファイル\Game\Enemy</Filter>
    </ClCompile>
    <ClCompile Include="EnemyMissile.cpp">
      <Filter>ソース ファイル\Game\Enemy</Filter>
    </ClCompile>
    <ClCompile Include="Rigidbody.cpp">
      <Filter>ソース ファイル\99_share</Filter>
    </ClCompile>
    <ClCompile Include="ShaderData.cpp">
      <Filter>ソース ファイル\99_share\Data</Filter>
    </ClCompile>
    <ClCompile Include="TextureData.cpp">
      <Filter>ソース ファイル\99_share\Data</Filter>
    </ClCompile>
    <ClCompile Include="ModelData.cpp">
      <Filter>ソース ファイル\99_share\Data</Filter>
    </ClCompile>
    <ClCompile Include="Weapon.cpp">
      <Filter>ソース ファイル\Game\Weapon</Filter>
    </ClCompile>
    <ClCompile Include="ObjectManager.cpp">
      <Filter>ソース ファイル\99_share</Filter>
    </ClCompile>
    <ClCompile Include="PlayerCtrl.cpp">
      <Filter>ソース ファイル\Game\Player</Filter>
    </ClCompile>
    <ClCompile Include="TowerCtrl.cpp">
      <Filter>ソース ファイル\Game\Tower</Filter>
    </ClCompile>
    <ClCompile Include="WeaponCtrl.cpp">
      <Filter>ソース ファイル\Game\Weapon</Filter>
    </ClCompile>
    <ClCompile Include="Geometry.cpp">
      <Filter>ソース ファイル</Filter>
    </ClCompile>
    <ClCompile Include="Tween.cpp">
      <Filter>ソース ファイル</Filter>
    </ClCompile>
    <ClCompile Include="EnemyState.cpp">
      <Filter>ソース ファイル</Filter>
    </ClCompile>
    <ClCompile Include="DebugBox.cpp">
      <Filter>ソース ファイル</Filter>
    </ClCompile>
    <ClCompile Include="PlayerShotDir.cpp">
      <Filter>ソース ファイル\Game\Player</Filter>
    </ClCompile>
    <ClCompile Include="PlayerState.cpp">
      <Filter>ソース ファイル\Game\Player</Filter>
    </ClCompile>
    <ClCompile Include="TitleStateMachine.cpp">
      <Filter>ソース ファイル\Title</Filter>
    </ClCompile>
    <ClCompile Include="TitleRogo.cpp">
      <Filter>ソース ファイル\Title</Filter>
    </ClCompile>
    <ClCompile Include="TitleStart.cpp">
      <Filter>ソース ファイル\Title</Filter>
    </ClCompile>
    <ClCompile Include="CameraStateMachine.cpp">
      <Filter>ソース ファイル\Game\Camera</Filter>
    </ClCompile>
    <ClCompile Include="BattleCamera.cpp">
      <Filter>ソース ファイル\Game\Camera</Filter>
    </ClCompile>
    <ClCompile Include="CameraManager.cpp">
      <Filter>ソース ファイル\Game\Camera</Filter>
    </ClCompile>
    <ClCompile Include="ShaderInfo.cpp">
      <Filter>ソース ファイル\ShaderInfo</Filter>
    </ClCompile>
    <ClCompile Include="DefaultShaderInfo.cpp">
      <Filter>ソース ファイル\ShaderInfo</Filter>
    </ClCompile>
    <ClCompile Include="ClothShaderInfo.cpp">
      <Filter>ソース ファイル\ShaderInfo</Filter>
    </ClCompile>
    <ClCompile Include="Sound.cpp">
      <Filter>ソース ファイル\system</Filter>
    </ClCompile>
    <ClCompile Include="Rogo.cpp">
      <Filter>ソース ファイル\Title</Filter>
    </ClCompile>
    <ClCompile Include="RogoColor.cpp">
      <Filter>ソース ファイル\Title</Filter>
    </ClCompile>
    <ClCompile Include="StarColor.cpp">
      <Filter>ソース ファイル\Title</Filter>
    </ClCompile>
    <ClCompile Include="StarCreater.cpp">
      <Filter>ソース ファイル\Title</Filter>
    </ClCompile>
    <ClCompile Include="StarMove.cpp">
      <Filter>ソース ファイル\Title</Filter>
    </ClCompile>
    <ClCompile Include="StarParticle.cpp">
      <Filter>ソース ファイル\Title</Filter>
    </ClCompile>
    <ClCompile Include="TitleCamera.cpp">
      <Filter>ソース ファイル\Title</Filter>
    </ClCompile>
    <ClCompile Include="WingParticle.cpp">
      <Filter>ソース ファイル\Title</Filter>
    </ClCompile>
    <ClCompile Include="WingPtclCreater.cpp">
      <Filter>ソース ファイル\Title</Filter>
    </ClCompile>
    <ClCompile Include="WingPtclMove.cpp">
      <Filter>ソース ファイル\Title</Filter>
    </ClCompile>
    <ClCompile Include="ExplosionShaderInfo.cpp">
      <Filter>ソース ファイル\ShaderInfo</Filter>
    </ClCompile>
    <ClCompile Include="RangeCursor.cpp">
      <Filter>ソース ファイル</Filter>
    </ClCompile>
    <ClCompile Include="Lockon.cpp">
      <Filter>ソース ファイル</Filter>
    </ClCompile>
    <ClCompile Include="WeaponBulletCount.cpp">
      <Filter>ソース ファイル</Filter>
    </ClCompile>
    <ClCompile Include="LifeGaugeShaderInfo.cpp">
      <Filter>ソース ファイル\ShaderInfo</Filter>
    </ClCompile>
    <ClCompile Include="MissileCtrl.cpp">
      <Filter>ソース ファイル\Game\Missile</Filter>
    </ClCompile>
    <ClCompile Include="NumberDrawer.cpp">
      <Filter>ソース ファイル\99_share\Number</Filter>
    </ClCompile>
    <ClCompile Include="NumberList.cpp">
      <Filter>ソース ファイル\99_share\Number</Filter>
    </ClCompile>
    <ClCompile Include="NumberListCtrl.cpp">
      <Filter>ソース ファイル\99_share\Number</Filter>
    </ClCompile>
    <ClCompile Include="DigitNumber.cpp">
      <Filter>ソース ファイル\99_share\Number</Filter>
    </ClCompile>
    <ClCompile Include="TowerMgrCtrl.cpp">
      <Filter>ソース ファイル\Game\Tower</Filter>
    </ClCompile>
    <ClCompile Include="Gauge.cpp">
      <Filter>ソース ファイル\Game\Gauge</Filter>
    </ClCompile>
    <ClCompile Include="GaugeCtrl.cpp">
      <Filter>ソース ファイル\Game\Gauge</Filter>
    </ClCompile>
    <ClCompile Include="LifeGauge.cpp">
      <Filter>ソース ファイル\Game\Gauge</Filter>
    </ClCompile>
    <ClCompile Include="LifeGaugeCtrl.cpp">
      <Filter>ソース ファイル\Game\Gauge</Filter>
    </ClCompile>
    <ClCompile Include="PlayerLifeCtrl.cpp">
      <Filter>ソース ファイル\Game\Player</Filter>
    </ClCompile>
    <ClCompile Include="CorePlayerGauge.cpp">
      <Filter>ソース ファイル\Game\Core</Filter>
    </ClCompile>
    <ClCompile Include="CoreGaugeUI.cpp">
      <Filter>ソース ファイル\Game\Core</Filter>
    </ClCompile>
    <ClCompile Include="CoreGauge.cpp">
      <Filter>ソース ファイル</Filter>
    </ClCompile>
    <ClCompile Include="CoreEnemyGauge.cpp">
      <Filter>ソース ファイル</Filter>
    </ClCompile>
    <ClCompile Include="GaugeUI.cpp">
      <Filter>ソース ファイル\Game\Gauge</Filter>
    </ClCompile>
  </ItemGroup>
  <ItemGroup>
    <ClInclude Include="main.h">
      <Filter>ヘッダー ファイル</Filter>
    </ClInclude>
    <ClInclude Include="Box.h">
      <Filter>ヘッダー ファイル\Game</Filter>
    </ClInclude>
    <ClInclude Include="CSky.h">
      <Filter>ヘッダー ファイル\Game</Filter>
    </ClInclude>
    <ClInclude Include="input.h">
      <Filter>ヘッダー ファイル\system</Filter>
    </ClInclude>
    <ClInclude Include="resource.h">
      <Filter>ヘッダー ファイル\system</Filter>
    </ClInclude>
    <ClInclude Include="Shader.h">
      <Filter>ヘッダー ファイル\system</Filter>
    </ClInclude>
    <ClInclude Include="Texture.h">
      <Filter>ヘッダー ファイル\system</Filter>
    </ClInclude>
    <ClInclude Include="FbxModel.h">
      <Filter>ヘッダー ファイル\system</Filter>
    </ClInclude>
    <ClInclude Include="ImGui\imgui_impl_win32.h">
      <Filter>ImGui</Filter>
    </ClInclude>
    <ClInclude Include="ImGui\imgui_internal.h">
      <Filter>ImGui</Filter>
    </ClInclude>
    <ClInclude Include="ImGui\imstb_rectpack.h">
      <Filter>ImGui</Filter>
    </ClInclude>
    <ClInclude Include="ImGui\imstb_textedit.h">
      <Filter>ImGui</Filter>
    </ClInclude>
    <ClInclude Include="ImGui\imstb_truetype.h">
      <Filter>ImGui</Filter>
    </ClInclude>
    <ClInclude Include="ImGui\imconfig.h">
      <Filter>ImGui</Filter>
    </ClInclude>
    <ClInclude Include="ImGui\imgui.h">
      <Filter>ImGui</Filter>
    </ClInclude>
    <ClInclude Include="ImGui\imgui_impl_dx11.h">
      <Filter>ImGui</Filter>
    </ClInclude>
    <ClInclude Include="Component.h">
      <Filter>ヘッダー ファイル\99_share</Filter>
    </ClInclude>
    <ClInclude Include="GameObject.h">
      <Filter>ヘッダー ファイル\99_share</Filter>
    </ClInclude>
    <ClInclude Include="ModelData.h">
      <Filter>ヘッダー ファイル\99_share</Filter>
    </ClInclude>
    <ClInclude Include="Object.h">
      <Filter>ヘッダー ファイル\99_share</Filter>
    </ClInclude>
    <ClInclude Include="Object3D.h">
      <Filter>ヘッダー ファイル\99_share</Filter>
    </ClInclude>
    <ClInclude Include="GameWnd.h">
      <Filter>ヘッダー ファイル\system</Filter>
    </ClInclude>
    <ClInclude Include="Graphics.h">
      <Filter>ヘッダー ファイル\system</Filter>
    </ClInclude>
    <ClInclude Include="MyMath.h">
      <Filter>ヘッダー ファイル\system</Filter>
    </ClInclude>
    <ClInclude Include="Window.h">
      <Filter>ヘッダー ファイル\system</Filter>
    </ClInclude>
    <ClInclude Include="CPlayer.h">
      <Filter>ヘッダー ファイル\Game\player</Filter>
    </ClInclude>
    <ClInclude Include="PlayerMissile.h">
      <Filter>ヘッダー ファイル\Game\player</Filter>
    </ClInclude>
    <ClInclude Include="PlayerMove.h">
      <Filter>ヘッダー ファイル\Game\player</Filter>
    </ClInclude>
    <ClInclude Include="Scene.h">
      <Filter>ヘッダー ファイル\scene</Filter>
    </ClInclude>
    <ClInclude Include="Transform.h">
      <Filter>ヘッダー ファイル\99_share</Filter>
    </ClInclude>
    <ClInclude Include="SceneGame.h">
      <Filter>ヘッダー ファイル\scene</Filter>
    </ClInclude>
    <ClInclude Include="SceneManager.h">
      <Filter>ヘッダー ファイル\scene</Filter>
    </ClInclude>
    <ClInclude Include="Billboard.h">
      <Filter>ヘッダー ファイル\99_share</Filter>
    </ClInclude>
    <ClInclude Include="collision.h">
      <Filter>ヘッダー ファイル\99_share</Filter>
    </ClInclude>
    <ClInclude Include="Field.h">
      <Filter>ヘッダー ファイル\99_share</Filter>
    </ClInclude>
    <ClInclude Include="Light.h">
      <Filter>ヘッダー ファイル\99_share</Filter>
    </ClInclude>
    <ClInclude Include="Mesh.h">
      <Filter>ヘッダー ファイル\99_share</Filter>
    </ClInclude>
    <ClInclude Include="ShaderData.h">
      <Filter>ヘッダー ファイル\99_share</Filter>
    </ClInclude>
    <ClInclude Include="UIMesh.h">
      <Filter>ヘッダー ファイル\99_share</Filter>
    </ClInclude>
    <ClInclude Include="FieldMesh.h">
      <Filter>ヘッダー ファイル\Game</Filter>
    </ClInclude>
    <ClInclude Include="SceneTitle.h">
      <Filter>ヘッダー ファイル\scene</Filter>
    </ClInclude>
    <ClInclude Include="Fade.h">
      <Filter>ヘッダー ファイル\99_share</Filter>
    </ClInclude>
    <ClInclude Include="CorePlayer.h">
      <Filter>ヘッダー ファイル\Game\Core</Filter>
    </ClInclude>
    <ClInclude Include="CoreCollision.h">
      <Filter>ヘッダー ファイル\Game\Core</Filter>
    </ClInclude>
    <ClInclude Include="Core.h">
      <Filter>ヘッダー ファイル\Game\Core</Filter>
    </ClInclude>
    <ClInclude Include="TowerManager.h">
      <Filter>ヘッダー ファイル\Game\Tower</Filter>
    </ClInclude>
    <ClInclude Include="Tower.h">
      <Filter>ヘッダー ファイル\Game\Tower</Filter>
    </ClInclude>
    <ClInclude Include="TowerEnergy.h">
      <Filter>ヘッダー ファイル\Game\Tower</Filter>
    </ClInclude>
    <ClInclude Include="Missile.h">
      <Filter>ヘッダー ファイル\Game\Missile</Filter>
    </ClInclude>
    <ClInclude Include="PlayerCollision.h">
      <Filter>ヘッダー ファイル\Game\player</Filter>
    </ClInclude>
    <ClInclude Include="CoreState.h">
      <Filter>ヘッダー ファイル\Game\Core</Filter>
    </ClInclude>
    <ClInclude Include="CoreEnemy.h">
      <Filter>ヘッダー ファイル\Game\Core</Filter>
    </ClInclude>
    <ClInclude Include="MissileMove.h">
      <Filter>ヘッダー ファイル\Game\Missile</Filter>
    </ClInclude>
    <ClInclude Include="SceneResult.h">
      <Filter>ヘッダー ファイル\scene</Filter>
    </ClInclude>
    <ClInclude Include="EnemyCtrl.h">
      <Filter>ヘッダー ファイル\Game\Enemy</Filter>
    </ClInclude>
    <ClInclude Include="Enemy.h">
      <Filter>ヘッダー ファイル\Game\Enemy</Filter>
    </ClInclude>
    <ClInclude Include="CCamera.h">
      <Filter>ヘッダー ファイル\Game\Camera</Filter>
    </ClInclude>
    <ClInclude Include="CFPCamera.h">
      <Filter>ヘッダー ファイル\Game\Camera</Filter>
    </ClInclude>
    <ClInclude Include="CTPCamera.h">
      <Filter>ヘッダー ファイル\Game\Camera</Filter>
    </ClInclude>
    <ClInclude Include="BulletTime.h">
      <Filter>ヘッダー ファイル\Game\Camera</Filter>
    </ClInclude>
    <ClInclude Include="Data.h">
      <Filter>ヘッダー ファイル</Filter>
    </ClInclude>
    <ClInclude Include="TextureData.h">
      <Filter>ヘッダー ファイル\99_share</Filter>
    </ClInclude>
    <ClInclude Include="Singleton.h">
      <Filter>ヘッダー ファイル\99_share</Filter>
    </ClInclude>
    <ClInclude Include="Rigidbody.h">
      <Filter>ヘッダー ファイル\99_share</Filter>
    </ClInclude>
    <ClInclude Include="ObjectManager.h">
      <Filter>ヘッダー ファイル\99_share</Filter>
    </ClInclude>
    <ClInclude Include="Weapon.h">
      <Filter>ヘッダー ファイル</Filter>
    </ClInclude>
    <ClInclude Include="BattleCamera.h">
      <Filter>ヘッダー ファイル</Filter>
    </ClInclude>
    <ClInclude Include="Geometry.h">
      <Filter>ヘッダー ファイル</Filter>
    </ClInclude>
    <ClInclude Include="StateMachine.h">
      <Filter>ヘッダー ファイル</Filter>
    </ClInclude>
    <ClInclude Include="DebugBox.h">
      <Filter>ヘッダー ファイル</Filter>
    </ClInclude>
    <ClInclude Include="CameraStateMachine.h">
      <Filter>ヘッダー ファイル</Filter>
    </ClInclude>
    <ClInclude Include="PlayerState.h">
      <Filter>ヘッダー ファイル\Game\player</Filter>
    </ClInclude>
    <ClInclude Include="PlayerShotDir.h">
      <Filter>ヘッダー ファイル\Game\player</Filter>
    </ClInclude>
    <ClInclude Include="PlayerCtrl.h">
      <Filter>ヘッダー ファイル\Game\player</Filter>
    </ClInclude>
    <ClInclude Include="EnemyState.h">
      <Filter>ヘッダー ファイル\Game\Enemy</Filter>
    </ClInclude>
    <ClInclude Include="EnemyMissile.h">
      <Filter>ヘッダー ファイル\Game\Enemy</Filter>
    </ClInclude>
    <ClInclude Include="CameraManager.h">
      <Filter>ヘッダー ファイル</Filter>
    </ClInclude>
    <ClInclude Include="Sound.h">
      <Filter>ヘッダー ファイル\system</Filter>
    </ClInclude>
    <ClInclude Include="SoundData.h">
      <Filter>ヘッダー ファイル\system</Filter>
    </ClInclude>
    <ClInclude Include="SoundData.hpp">
      <Filter>ヘッダー ファイル\system</Filter>
    </ClInclude>
    <ClInclude Include="WingPtclMove.h">
      <Filter>ヘッダー ファイル\Title</Filter>
    </ClInclude>
    <ClInclude Include="WeaponCtrl.h">
      <Filter>ヘッダー ファイル\Title</Filter>
    </ClInclude>
    <ClInclude Include="WingParticle.h">
      <Filter>ヘッダー ファイル\Title</Filter>
    </ClInclude>
    <ClInclude Include="WingPtclCreater.h">
      <Filter>ヘッダー ファイル\Title</Filter>
    </ClInclude>
    <ClInclude Include="TitleUI.h">
      <Filter>ヘッダー ファイル\Title</Filter>
    </ClInclude>
    <ClInclude Include="TitleStateMachine.h">
      <Filter>ヘッダー ファイル\Title</Filter>
    </ClInclude>
    <ClInclude Include="TitleStart.h">
      <Filter>ヘッダー ファイル\Title</Filter>
    </ClInclude>
    <ClInclude Include="TitleRogo.h">
      <Filter>ヘッダー ファイル\Title</Filter>
    </ClInclude>
    <ClInclude Include="TitleCamera.h">
      <Filter>ヘッダー ファイル\Title</Filter>
    </ClInclude>
    <ClInclude Include="StarParticle.h">
      <Filter>ヘッダー ファイル\Title</Filter>
    </ClInclude>
    <ClInclude Include="StarMove.h">
      <Filter>ヘッダー ファイル\Title</Filter>
    </ClInclude>
    <ClInclude Include="StarCreater.h">
      <Filter>ヘッダー ファイル\Title</Filter>
    </ClInclude>
    <ClInclude Include="StarColor.h">
      <Filter>ヘッダー ファイル\Title</Filter>
    </ClInclude>
    <ClInclude Include="RogoColor.h">
      <Filter>ヘッダー ファイル\Title</Filter>
    </ClInclude>
    <ClInclude Include="Rogo.h">
      <Filter>ヘッダー ファイル\Title</Filter>
    </ClInclude>
    <ClInclude Include="RangeCursor.h">
      <Filter>ヘッダー ファイル</Filter>
    </ClInclude>
    <ClInclude Include="Lockon.h">
      <Filter>ヘッダー ファイル</Filter>
    </ClInclude>
    <ClInclude Include="WeaponBulletCount.h">
      <Filter>ヘッダー ファイル</Filter>
    </ClInclude>
    <ClInclude Include="PlayerLifeCtrl.h">
      <Filter>ヘッダー ファイル\Game\player</Filter>
    </ClInclude>
    <ClInclude Include="DigitNumber.h">
      <Filter>ヘッダー ファイル\99_share\Number</Filter>
    </ClInclude>
    <ClInclude Include="NumberDrawer.h">
      <Filter>ヘッダー ファイル\99_share\Number</Filter>
    </ClInclude>
    <ClInclude Include="NumberList.h">
      <Filter>ヘッダー ファイル\99_share\Number</Filter>
    </ClInclude>
    <ClInclude Include="NumberListCtrl.h">
      <Filter>ヘッダー ファイル\99_share\Number</Filter>
    </ClInclude>
    <ClInclude Include="TowerCtrl.h">
      <Filter>ヘッダー ファイル\Game\Tower</Filter>
    </ClInclude>
    <ClInclude Include="TowerMgrCtrl.h">
      <Filter>ヘッダー ファイル\Game\Tower</Filter>
    </ClInclude>
    <ClInclude Include="Tween.h">
      <Filter>ヘッダー ファイル\99_share\Number</Filter>
    </ClInclude>
    <ClInclude Include="DefaultShaderInfo.h">
      <Filter>ヘッダー ファイル\ShaderInfo</Filter>
    </ClInclude>
    <ClInclude Include="ExplosionShaderInfo.h">
      <Filter>ヘッダー ファイル\ShaderInfo</Filter>
    </ClInclude>
    <ClInclude Include="ClothShaderInfo.h">
      <Filter>ヘッダー ファイル\ShaderInfo</Filter>
    </ClInclude>
    <ClInclude Include="ShaderInfo.h">
      <Filter>ヘッダー ファイル\ShaderInfo</Filter>
    </ClInclude>
    <ClInclude Include="Gauge.h">
      <Filter>ヘッダー ファイル\Game\Gauge</Filter>
    </ClInclude>
    <ClInclude Include="GaugeCtrl.h">
      <Filter>ヘッダー ファイル\Game\Gauge</Filter>
    </ClInclude>
    <ClInclude Include="LifeGauge.h">
      <Filter>ヘッダー ファイル\Game\Gauge</Filter>
    </ClInclude>
    <ClInclude Include="LifeGaugeCtrl.h">
      <Filter>ヘッダー ファイル\Game\Gauge</Filter>
    </ClInclude>
    <ClInclude Include="LifeGaugeShaderInfo.h">
      <Filter>ヘッダー ファイル\ShaderInfo</Filter>
    </ClInclude>
    <ClInclude Include="MissileCtrl.h">
      <Filter>ヘッダー ファイル\Game\Missile</Filter>
    </ClInclude>
    <ClInclude Include="GaugeUI.h">
      <Filter>ヘッダー ファイル</Filter>
    </ClInclude>
    <ClInclude Include="CorePlayerGauge.h">
      <Filter>ヘッダー ファイル\Game\Core</Filter>
    </ClInclude>
    <ClInclude Include="CoreGaugeUI.h">
      <Filter>ヘッダー ファイル\Game\Core</Filter>
    </ClInclude>
    <ClInclude Include="CoreGauge.h">
      <Filter>ヘッダー ファイル</Filter>
    </ClInclude>
    <ClInclude Include="CoreEnemyGauge.h">
      <Filter>ヘッダー ファイル</Filter>
    </ClInclude>
  </ItemGroup>
  <ItemGroup>
    <FxCompile Include="Vertex2D.hlsl">
      <Filter>ソース ファイル\shader</Filter>
    </FxCompile>
    <FxCompile Include="Pixel.hlsl">
      <Filter>ソース ファイル\shader</Filter>
    </FxCompile>
    <FxCompile Include="Pixel2D.hlsl">
      <Filter>ソース ファイル\shader</Filter>
    </FxCompile>
    <FxCompile Include="Vertex.hlsl">
      <Filter>ソース ファイル\shader</Filter>
    </FxCompile>
    <FxCompile Include="FbxModelVertex.hlsl">
      <Filter>ソース ファイル\shader</Filter>
    </FxCompile>
    <FxCompile Include="FbxModelPixel.hlsl">
      <Filter>ソース ファイル\shader</Filter>
    </FxCompile>
    <FxCompile Include="ClothDomain.hlsl">
      <Filter>ソース ファイル\shader</Filter>
    </FxCompile>
    <FxCompile Include="ClothVertex.hlsl">
      <Filter>ソース ファイル\shader</Filter>
    </FxCompile>
    <FxCompile Include="ClothPixel.hlsl">
      <Filter>ソース ファイル\shader</Filter>
    </FxCompile>
    <FxCompile Include="ClothHull.hlsl">
      <Filter>ソース ファイル\shader</Filter>
    </FxCompile>
    <FxCompile Include="DefaultVS.hlsl">
      <Filter>ソース ファイル\shader</Filter>
    </FxCompile>
    <FxCompile Include="DefaultHS.hlsl">
      <Filter>ソース ファイル\shader</Filter>
    </FxCompile>
    <FxCompile Include="DefaultDS.hlsl">
      <Filter>ソース ファイル\shader</Filter>
    </FxCompile>
    <FxCompile Include="ExplosionGS.hlsl">
      <Filter>ソース ファイル\shader</Filter>
    </FxCompile>
    <FxCompile Include="ExplosionPS.hlsl">
      <Filter>ソース ファイル\shader</Filter>
    </FxCompile>
    <FxCompile Include="LifeGaugePS.hlsl">
      <Filter>ソース ファイル\shader</Filter>
    </FxCompile>
  </ItemGroup>
  <ItemGroup>
    <ResourceCompile Include="sampleFBX.rc">
      <Filter>リソース ファイル</Filter>
    </ResourceCompile>
  </ItemGroup>
  <ItemGroup>
    <Image Include="res\directx.ico">
      <Filter>リソース ファイル</Filter>
    </Image>
  </ItemGroup>
</Project>